
Microsoft Visual Studio Solution File, Format Version 12.00
Project("{FAE04EC0-301F-11D3-BF4B-00C04F79EFBC}") = "_01_Creating_a_simple_App", "_01_Creating_a_simple_App\_01_Creating_a_simple_App.csproj", "{02F5EC2D-BEF4-4A1C-974F-F32C0DE0552D}"
EndProject
Project("{FAE04EC0-301F-11D3-BF4B-00C04F79EFBC}") = "_02_generic_class_type_in_a_method", "_02_generic_class_type_in_a_method\_02_generic_class_type_in_a_method.csproj", "{8A8272E6-BA3C-4FA4-81BD-F024770CB2AE}"
EndProject
Project("{FAE04EC0-301F-11D3-BF4B-00C04F79EFBC}") = "MyApp_Part3", "MyApp_Part3\MyApp_Part3.csproj", "{99CCA8C6-3907-429C-B68E-D1C9DB05DE1B}"
EndProject
Project("{FAE04EC0-301F-11D3-BF4B-00C04F79EFBC}") = "MyApp_Part4", "MyApp_Part4\MyApp_Part4.csproj", "{E605EE03-7ED9-4204-B895-CFEEB2C05730}"
EndProject
Project("{FAE04EC0-301F-11D3-BF4B-00C04F79EFBC}") = "MyApp_Part5", "MyApp_Part5\MyApp_Part5.csproj", "{37CBB1D5-C261-4FA5-8AA3-3D23D5171633}"
EndProject
Project("{FAE04EC0-301F-11D3-BF4B-00C04F79EFBC}") = "MyApp_Part6", "MyApp_Part6\MyApp_Part6.csproj", "{5086A4D5-98E7-4EB0-B0C3-1981FEB62829}"
EndProject
Project("{FAE04EC0-301F-11D3-BF4B-00C04F79EFBC}") = "MyApp_Part7", "MyApp_Part7\MyApp_Part7.csproj", "{722C6EAB-DD07-4C7D-900D-2B04642B425B}"
EndProject
Project("{FAE04EC0-301F-11D3-BF4B-00C04F79EFBC}") = "MyApp_Part8", "MyApp_Part8\MyApp_Part8.csproj", "{B918B232-AA8C-4BD2-A62B-ABC19C9A496E}"
EndProject
Project("{FAE04EC0-301F-11D3-BF4B-00C04F79EFBC}") = "MyApp_part9", "MyApp_part9\MyApp_part9.csproj", "{8B380102-22A0-4870-8619-B3CA07916F0B}"
EndProject
Project("{FAE04EC0-301F-11D3-BF4B-00C04F79EFBC}") = "MyApp_part10", "MyApp_part10\MyApp_part10.csproj", "{B1B14E1A-3EB6-41E2-BCC6-6BD323C4522C}"
EndProject
Project("{FAE04EC0-301F-11D3-BF4B-00C04F79EFBC}") = "MyApp_part11", "MyApp_part11\MyApp_part11.csproj", "{9E392AF5-21B0-43A1-9F0A-DA3B4C68127B}"
EndProject
Project("{FAE04EC0-301F-11D3-BF4B-00C04F79EFBC}") = "MyApp_Part12", "MyApp_Part12\MyApp_Part12.csproj", "{DEE2A2EB-5A61-47D5-B2EE-18297F30CE65}"
EndProject
Project("{FAE04EC0-301F-11D3-BF4B-00C04F79EFBC}") = "MyApp_Part13", "MyApp_Part13\MyApp_Part13.csproj", "{0C6348ED-D1E3-4775-8BEA-C897A49E8749}"
EndProject
Project("{FAE04EC0-301F-11D3-BF4B-00C04F79EFBC}") = "MyApp_Part14", "MyApp_Part14\MyApp_Part14.csproj", "{D8FA89DB-B0DF-4B1D-8807-673F838E1742}"
EndProject
Global
	GlobalSection(SolutionConfigurationPlatforms) = preSolution
		Debug|Any CPU = Debug|Any CPU
		Release|Any CPU = Release|Any CPU
	EndGlobalSection
	GlobalSection(ProjectConfigurationPlatforms) = postSolution
		{02F5EC2D-BEF4-4A1C-974F-F32C0DE0552D}.Debug|Any CPU.ActiveCfg = Debug|Any CPU
		{02F5EC2D-BEF4-4A1C-974F-F32C0DE0552D}.Debug|Any CPU.Build.0 = Debug|Any CPU
		{02F5EC2D-BEF4-4A1C-974F-F32C0DE0552D}.Release|Any CPU.ActiveCfg = Release|Any CPU
		{02F5EC2D-BEF4-4A1C-974F-F32C0DE0552D}.Release|Any CPU.Build.0 = Release|Any CPU
		{8A8272E6-BA3C-4FA4-81BD-F024770CB2AE}.Debug|Any CPU.ActiveCfg = Debug|Any CPU
		{8A8272E6-BA3C-4FA4-81BD-F024770CB2AE}.Debug|Any CPU.Build.0 = Debug|Any CPU
		{8A8272E6-BA3C-4FA4-81BD-F024770CB2AE}.Release|Any CPU.ActiveCfg = Release|Any CPU
		{8A8272E6-BA3C-4FA4-81BD-F024770CB2AE}.Release|Any CPU.Build.0 = Release|Any CPU
		{99CCA8C6-3907-429C-B68E-D1C9DB05DE1B}.Debug|Any CPU.ActiveCfg = Debug|Any CPU
		{99CCA8C6-3907-429C-B68E-D1C9DB05DE1B}.Debug|Any CPU.Build.0 = Debug|Any CPU
		{99CCA8C6-3907-429C-B68E-D1C9DB05DE1B}.Release|Any CPU.ActiveCfg = Release|Any CPU
		{99CCA8C6-3907-429C-B68E-D1C9DB05DE1B}.Release|Any CPU.Build.0 = Release|Any CPU
		{E605EE03-7ED9-4204-B895-CFEEB2C05730}.Debug|Any CPU.ActiveCfg = Debug|Any CPU
		{E605EE03-7ED9-4204-B895-CFEEB2C05730}.Debug|Any CPU.Build.0 = Debug|Any CPU
		{E605EE03-7ED9-4204-B895-CFEEB2C05730}.Release|Any CPU.ActiveCfg = Release|Any CPU
		{E605EE03-7ED9-4204-B895-CFEEB2C05730}.Release|Any CPU.Build.0 = Release|Any CPU
		{37CBB1D5-C261-4FA5-8AA3-3D23D5171633}.Debug|Any CPU.ActiveCfg = Debug|Any CPU
		{37CBB1D5-C261-4FA5-8AA3-3D23D5171633}.Debug|Any CPU.Build.0 = Debug|Any CPU
		{37CBB1D5-C261-4FA5-8AA3-3D23D5171633}.Release|Any CPU.ActiveCfg = Release|Any CPU
		{37CBB1D5-C261-4FA5-8AA3-3D23D5171633}.Release|Any CPU.Build.0 = Release|Any CPU
		{5086A4D5-98E7-4EB0-B0C3-1981FEB62829}.Debug|Any CPU.ActiveCfg = Debug|Any CPU
		{5086A4D5-98E7-4EB0-B0C3-1981FEB62829}.Debug|Any CPU.Build.0 = Debug|Any CPU
		{5086A4D5-98E7-4EB0-B0C3-1981FEB62829}.Release|Any CPU.ActiveCfg = Release|Any CPU
		{5086A4D5-98E7-4EB0-B0C3-1981FEB62829}.Release|Any CPU.Build.0 = Release|Any CPU
		{722C6EAB-DD07-4C7D-900D-2B04642B425B}.Debug|Any CPU.ActiveCfg = Debug|Any CPU
		{722C6EAB-DD07-4C7D-900D-2B04642B425B}.Debug|Any CPU.Build.0 = Debug|Any CPU
		{722C6EAB-DD07-4C7D-900D-2B04642B425B}.Release|Any CPU.ActiveCfg = Release|Any CPU
		{722C6EAB-DD07-4C7D-900D-2B04642B425B}.Release|Any CPU.Build.0 = Release|Any CPU
		{B918B232-AA8C-4BD2-A62B-ABC19C9A496E}.Debug|Any CPU.ActiveCfg = Debug|Any CPU
		{B918B232-AA8C-4BD2-A62B-ABC19C9A496E}.Debug|Any CPU.Build.0 = Debug|Any CPU
		{B918B232-AA8C-4BD2-A62B-ABC19C9A496E}.Release|Any CPU.ActiveCfg = Release|Any CPU
		{B918B232-AA8C-4BD2-A62B-ABC19C9A496E}.Release|Any CPU.Build.0 = Release|Any CPU
		{8B380102-22A0-4870-8619-B3CA07916F0B}.Debug|Any CPU.ActiveCfg = Debug|Any CPU
		{8B380102-22A0-4870-8619-B3CA07916F0B}.Debug|Any CPU.Build.0 = Debug|Any CPU
		{8B380102-22A0-4870-8619-B3CA07916F0B}.Release|Any CPU.ActiveCfg = Release|Any CPU
		{8B380102-22A0-4870-8619-B3CA07916F0B}.Release|Any CPU.Build.0 = Release|Any CPU
		{B1B14E1A-3EB6-41E2-BCC6-6BD323C4522C}.Debug|Any CPU.ActiveCfg = Debug|Any CPU
		{B1B14E1A-3EB6-41E2-BCC6-6BD323C4522C}.Debug|Any CPU.Build.0 = Debug|Any CPU
		{B1B14E1A-3EB6-41E2-BCC6-6BD323C4522C}.Release|Any CPU.ActiveCfg = Release|Any CPU
		{B1B14E1A-3EB6-41E2-BCC6-6BD323C4522C}.Release|Any CPU.Build.0 = Release|Any CPU
		{9E392AF5-21B0-43A1-9F0A-DA3B4C68127B}.Debug|Any CPU.ActiveCfg = Debug|Any CPU
		{9E392AF5-21B0-43A1-9F0A-DA3B4C68127B}.Debug|Any CPU.Build.0 = Debug|Any CPU
		{9E392AF5-21B0-43A1-9F0A-DA3B4C68127B}.Release|Any CPU.ActiveCfg = Release|Any CPU
		{9E392AF5-21B0-43A1-9F0A-DA3B4C68127B}.Release|Any CPU.Build.0 = Release|Any CPU
		{DEE2A2EB-5A61-47D5-B2EE-18297F30CE65}.Debug|Any CPU.ActiveCfg = Debug|Any CPU
		{DEE2A2EB-5A61-47D5-B2EE-18297F30CE65}.Debug|Any CPU.Build.0 = Debug|Any CPU
		{DEE2A2EB-5A61-47D5-B2EE-18297F30CE65}.Release|Any CPU.ActiveCfg = Release|Any CPU
		{DEE2A2EB-5A61-47D5-B2EE-18297F30CE65}.Release|Any CPU.Build.0 = Release|Any CPU
		{0C6348ED-D1E3-4775-8BEA-C897A49E8749}.Debug|Any CPU.ActiveCfg = Debug|Any CPU
		{0C6348ED-D1E3-4775-8BEA-C897A49E8749}.Debug|Any CPU.Build.0 = Debug|Any CPU
		{0C6348ED-D1E3-4775-8BEA-C897A49E8749}.Release|Any CPU.ActiveCfg = Release|Any CPU
		{0C6348ED-D1E3-4775-8BEA-C897A49E8749}.Release|Any CPU.Build.0 = Release|Any CPU
		{D8FA89DB-B0DF-4B1D-8807-673F838E1742}.Debug|Any CPU.ActiveCfg = Debug|Any CPU
		{D8FA89DB-B0DF-4B1D-8807-673F838E1742}.Debug|Any CPU.Build.0 = Debug|Any CPU
		{D8FA89DB-B0DF-4B1D-8807-673F838E1742}.Release|Any CPU.ActiveCfg = Release|Any CPU
		{D8FA89DB-B0DF-4B1D-8807-673F838E1742}.Release|Any CPU.Build.0 = Release|Any CPU
	EndGlobalSection
EndGlobal
